// !$*UTF8*$!
{
	archiveVersion = 1;
	classes = {
	};
	objectVersion = 56;
	objects = {

/* Begin PBXBuildFile section */
		7E7053DA290EB69100B3384C /* AppDelegate.swift in Sources */ = {isa = PBXBuildFile; fileRef = 7E7053D9290EB69100B3384C /* AppDelegate.swift */; };
		7E7053DC290EB69100B3384C /* SceneDelegate.swift in Sources */ = {isa = PBXBuildFile; fileRef = 7E7053DB290EB69100B3384C /* SceneDelegate.swift */; };
		7E7053DE290EB69100B3384C /* ViewController.swift in Sources */ = {isa = PBXBuildFile; fileRef = 7E7053DD290EB69100B3384C /* ViewController.swift */; };
		7E7053E1290EB69100B3384C /* Main.storyboard in Resources */ = {isa = PBXBuildFile; fileRef = 7E7053DF290EB69100B3384C /* Main.storyboard */; };
		7E7053E3290EB69200B3384C /* Assets.xcassets in Resources */ = {isa = PBXBuildFile; fileRef = 7E7053E2290EB69200B3384C /* Assets.xcassets */; };
		7E7053E6290EB69200B3384C /* LaunchScreen.storyboard in Resources */ = {isa = PBXBuildFile; fileRef = 7E7053E4290EB69200B3384C /* LaunchScreen.storyboard */; };
		7ECBB9E22912FEE900F4CE2A /* Lato-BoldItalic.ttf in Resources */ = {isa = PBXBuildFile; fileRef = 7ECBB9D82912FEE800F4CE2A /* Lato-BoldItalic.ttf */; };
		7ECBB9E32912FEE900F4CE2A /* Lato-LightItalic.ttf in Resources */ = {isa = PBXBuildFile; fileRef = 7ECBB9D92912FEE800F4CE2A /* Lato-LightItalic.ttf */; };
		7ECBB9E42912FEE900F4CE2A /* Lato-Regular.ttf in Resources */ = {isa = PBXBuildFile; fileRef = 7ECBB9DA2912FEE800F4CE2A /* Lato-Regular.ttf */; };
		7ECBB9E52912FEE900F4CE2A /* Lato-Bold.ttf in Resources */ = {isa = PBXBuildFile; fileRef = 7ECBB9DB2912FEE800F4CE2A /* Lato-Bold.ttf */; };
		7ECBB9E62912FEE900F4CE2A /* Lato-Thin.ttf in Resources */ = {isa = PBXBuildFile; fileRef = 7ECBB9DC2912FEE800F4CE2A /* Lato-Thin.ttf */; };
		7ECBB9E72912FEE900F4CE2A /* Lato-Light.ttf in Resources */ = {isa = PBXBuildFile; fileRef = 7ECBB9DD2912FEE800F4CE2A /* Lato-Light.ttf */; };
		7ECBB9E82912FEE900F4CE2A /* Lato-Italic.ttf in Resources */ = {isa = PBXBuildFile; fileRef = 7ECBB9DE2912FEE800F4CE2A /* Lato-Italic.ttf */; };
		7ECBB9E92912FEE900F4CE2A /* Lato-ThinItalic.ttf in Resources */ = {isa = PBXBuildFile; fileRef = 7ECBB9DF2912FEE800F4CE2A /* Lato-ThinItalic.ttf */; };
		7ECBB9EA2912FEE900F4CE2A /* Lato-Black.ttf in Resources */ = {isa = PBXBuildFile; fileRef = 7ECBB9E02912FEE800F4CE2A /* Lato-Black.ttf */; };
		7ECBB9EB2912FEE900F4CE2A /* Lato-BlackItalic.ttf in Resources */ = {isa = PBXBuildFile; fileRef = 7ECBB9E12912FEE900F4CE2A /* Lato-BlackItalic.ttf */; };
/* End PBXBuildFile section */

/* Begin PBXFileReference section */
		7E7053D6290EB69100B3384C /* AthleteZone.app */ = {isa = PBXFileReference; explicitFileType = wrapper.application; includeInIndex = 0; path = AthleteZone.app; sourceTree = BUILT_PRODUCTS_DIR; };
		7E7053D9290EB69100B3384C /* AppDelegate.swift */ = {isa = PBXFileReference; lastKnownFileType = sourcecode.swift; path = AppDelegate.swift; sourceTree = "<group>"; };
		7E7053DB290EB69100B3384C /* SceneDelegate.swift */ = {isa = PBXFileReference; lastKnownFileType = sourcecode.swift; path = SceneDelegate.swift; sourceTree = "<group>"; };
		7E7053DD290EB69100B3384C /* ViewController.swift */ = {isa = PBXFileReference; lastKnownFileType = sourcecode.swift; path = ViewController.swift; sourceTree = "<group>"; };
		7E7053E0290EB69100B3384C /* Base */ = {isa = PBXFileReference; lastKnownFileType = file.storyboard; name = Base; path = Base.lproj/Main.storyboard; sourceTree = "<group>"; };
		7E7053E2290EB69200B3384C /* Assets.xcassets */ = {isa = PBXFileReference; lastKnownFileType = folder.assetcatalog; path = Assets.xcassets; sourceTree = "<group>"; };
		7E7053E5290EB69200B3384C /* Base */ = {isa = PBXFileReference; lastKnownFileType = file.storyboard; name = Base; path = Base.lproj/LaunchScreen.storyboard; sourceTree = "<group>"; };
		7E7053E7290EB69200B3384C /* Info.plist */ = {isa = PBXFileReference; lastKnownFileType = text.plist.xml; path = Info.plist; sourceTree = "<group>"; };
		7ECBB9D82912FEE800F4CE2A /* Lato-BoldItalic.ttf */ = {isa = PBXFileReference; lastKnownFileType = file; path = "Lato-BoldItalic.ttf"; sourceTree = "<group>"; };
		7ECBB9D92912FEE800F4CE2A /* Lato-LightItalic.ttf */ = {isa = PBXFileReference; lastKnownFileType = file; path = "Lato-LightItalic.ttf"; sourceTree = "<group>"; };
		7ECBB9DA2912FEE800F4CE2A /* Lato-Regular.ttf */ = {isa = PBXFileReference; lastKnownFileType = file; path = "Lato-Regular.ttf"; sourceTree = "<group>"; };
		7ECBB9DB2912FEE800F4CE2A /* Lato-Bold.ttf */ = {isa = PBXFileReference; lastKnownFileType = file; path = "Lato-Bold.ttf"; sourceTree = "<group>"; };
		7ECBB9DC2912FEE800F4CE2A /* Lato-Thin.ttf */ = {isa = PBXFileReference; lastKnownFileType = file; path = "Lato-Thin.ttf"; sourceTree = "<group>"; };
		7ECBB9DD2912FEE800F4CE2A /* Lato-Light.ttf */ = {isa = PBXFileReference; lastKnownFileType = file; path = "Lato-Light.ttf"; sourceTree = "<group>"; };
		7ECBB9DE2912FEE800F4CE2A /* Lato-Italic.ttf */ = {isa = PBXFileReference; lastKnownFileType = file; path = "Lato-Italic.ttf"; sourceTree = "<group>"; };
		7ECBB9DF2912FEE800F4CE2A /* Lato-ThinItalic.ttf */ = {isa = PBXFileReference; lastKnownFileType = file; path = "Lato-ThinItalic.ttf"; sourceTree = "<group>"; };
		7ECBB9E02912FEE800F4CE2A /* Lato-Black.ttf */ = {isa = PBXFileReference; lastKnownFileType = file; path = "Lato-Black.ttf"; sourceTree = "<group>"; };
		7ECBB9E12912FEE900F4CE2A /* Lato-BlackItalic.ttf */ = {isa = PBXFileReference; lastKnownFileType = file; path = "Lato-BlackItalic.ttf"; sourceTree = "<group>"; };
/* End PBXFileReference section */

/* Begin PBXFrameworksBuildPhase section */
		7E7053D3290EB69100B3384C /* Frameworks */ = {
			isa = PBXFrameworksBuildPhase;
			buildActionMask = 2147483647;
			files = (
			);
			runOnlyForDeploymentPostprocessing = 0;
		};
/* End PBXFrameworksBuildPhase section */

/* Begin PBXGroup section */
		7E7053CD290EB69100B3384C = {
			isa = PBXGroup;
			children = (
				7E7053D8290EB69100B3384C /* AthleteZone */,
				7E7053D7290EB69100B3384C /* Products */,
			);
			sourceTree = "<group>";
		};
		7E7053D7290EB69100B3384C /* Products */ = {
			isa = PBXGroup;
			children = (
				7E7053D6290EB69100B3384C /* AthleteZone.app */,
			);
			name = Products;
			sourceTree = "<group>";
		};
		7E7053D8290EB69100B3384C /* AthleteZone */ = {
			isa = PBXGroup;
			children = (
				7ECBB9D72912FECD00F4CE2A /* Fonts */,
				7E7053D9290EB69100B3384C /* AppDelegate.swift */,
				7E7053DB290EB69100B3384C /* SceneDelegate.swift */,
				7E7053DD290EB69100B3384C /* ViewController.swift */,
				7E7053DF290EB69100B3384C /* Main.storyboard */,
				7E7053E2290EB69200B3384C /* Assets.xcassets */,
				7E7053E4290EB69200B3384C /* LaunchScreen.storyboard */,
				7E7053E7290EB69200B3384C /* Info.plist */,
			);
			path = AthleteZone;
			sourceTree = "<group>";
		};
		7ECBB9D72912FECD00F4CE2A /* Fonts */ = {
			isa = PBXGroup;
			children = (
				7ECBB9E02912FEE800F4CE2A /* Lato-Black.ttf */,
				7ECBB9E12912FEE900F4CE2A /* Lato-BlackItalic.ttf */,
				7ECBB9DB2912FEE800F4CE2A /* Lato-Bold.ttf */,
				7ECBB9D82912FEE800F4CE2A /* Lato-BoldItalic.ttf */,
				7ECBB9DE2912FEE800F4CE2A /* Lato-Italic.ttf */,
				7ECBB9DD2912FEE800F4CE2A /* Lato-Light.ttf */,
				7ECBB9D92912FEE800F4CE2A /* Lato-LightItalic.ttf */,
				7ECBB9DA2912FEE800F4CE2A /* Lato-Regular.ttf */,
				7ECBB9DC2912FEE800F4CE2A /* Lato-Thin.ttf */,
				7ECBB9DF2912FEE800F4CE2A /* Lato-ThinItalic.ttf */,
			);
			path = Fonts;
			sourceTree = "<group>";
		};
/* End PBXGroup section */

/* Begin PBXNativeTarget section */
		7E7053D5290EB69100B3384C /* AthleteZone */ = {
			isa = PBXNativeTarget;
			buildConfigurationList = 7E7053EA290EB69200B3384C /* Build configuration list for PBXNativeTarget "AthleteZone" */;
			buildPhases = (
				7E7053D2290EB69100B3384C /* Sources */,
				7E7053D3290EB69100B3384C /* Frameworks */,
				7E7053D4290EB69100B3384C /* Resources */,
			);
			buildRules = (
			);
			dependencies = (
			);
			name = AthleteZone;
			productName = AthleteZone;
			productReference = 7E7053D6290EB69100B3384C /* AthleteZone.app */;
			productType = "com.apple.product-type.application";
		};
/* End PBXNativeTarget section */

/* Begin PBXProject section */
		7E7053CE290EB69100B3384C /* Project object */ = {
			isa = PBXProject;
			attributes = {
				BuildIndependentTargetsInParallel = 1;
				LastSwiftUpdateCheck = 1400;
				LastUpgradeCheck = 1400;
				TargetAttributes = {
					7E7053D5290EB69100B3384C = {
						CreatedOnToolsVersion = 14.0.1;
					};
				};
			};
			buildConfigurationList = 7E7053D1290EB69100B3384C /* Build configuration list for PBXProject "AthleteZone" */;
			compatibilityVersion = "Xcode 14.0";
			developmentRegion = en;
			hasScannedForEncodings = 0;
			knownRegions = (
				en,
				Base,
			);
			mainGroup = 7E7053CD290EB69100B3384C;
			productRefGroup = 7E7053D7290EB69100B3384C /* Products */;
			projectDirPath = "";
			projectRoot = "";
			targets = (
				7E7053D5290EB69100B3384C /* AthleteZone */,
			);
		};
/* End PBXProject section */

/* Begin PBXResourcesBuildPhase section */
		7E7053D4290EB69100B3384C /* Resources */ = {
			isa = PBXResourcesBuildPhase;
			buildActionMask = 2147483647;
			files = (
				7ECBB9E82912FEE900F4CE2A /* Lato-Italic.ttf in Resources */,
				7ECBB9E52912FEE900F4CE2A /* Lato-Bold.ttf in Resources */,
				7ECBB9E62912FEE900F4CE2A /* Lato-Thin.ttf in Resources */,
				7E7053E6290EB69200B3384C /* LaunchScreen.storyboard in Resources */,
				7ECBB9EA2912FEE900F4CE2A /* Lato-Black.ttf in Resources */,
				7ECBB9EB2912FEE900F4CE2A /* Lato-BlackItalic.ttf in Resources */,
				7ECBB9E72912FEE900F4CE2A /* Lato-Light.ttf in Resources */,
				7ECBB9E42912FEE900F4CE2A /* Lato-Regular.ttf in Resources */,
				7ECBB9E32912FEE900F4CE2A /* Lato-LightItalic.ttf in Resources */,
				7ECBB9E92912FEE900F4CE2A /* Lato-ThinItalic.ttf in Resources */,
				7E7053E3290EB69200B3384C /* Assets.xcassets in Resources */,
				7E7053E1290EB69100B3384C /* Main.storyboard in Resources */,
				7ECBB9E22912FEE900F4CE2A /* Lato-BoldItalic.ttf in Resources */,
			);
			runOnlyForDeploymentPostprocessing = 0;
		};
/* End PBXResourcesBuildPhase section */

/* Begin PBXSourcesBuildPhase section */
		7E7053D2290EB69100B3384C /* Sources */ = {
			isa = PBXSourcesBuildPhase;
			buildActionMask = 2147483647;
			files = (
				7E7053DE290EB69100B3384C /* ViewController.swift in Sources */,
				7E7053DA290EB69100B3384C /* AppDelegate.swift in Sources */,
				7E7053DC290EB69100B3384C /* SceneDelegate.swift in Sources */,
			);
			runOnlyForDeploymentPostprocessing = 0;
		};
/* End PBXSourcesBuildPhase section */

/* Begin PBXVariantGroup section */
		7E7053DF290EB69100B3384C /* Main.storyboard */ = {
			isa = PBXVariantGroup;
			children = (
				7E7053E0290EB69100B3384C /* Base */,
			);
			name = Main.storyboard;
			sourceTree = "<group>";
		};
		7E7053E4290EB69200B3384C /* LaunchScreen.storyboard */ = {
			isa = PBXVariantGroup;
			children = (
				7E7053E5290EB69200B3384C /* Base */,
			);
			name = LaunchScreen.storyboard;
			sourceTree = "<group>";
		};
/* End PBXVariantGroup section */

/* Begin XCBuildConfiguration section */
		7E7053E8290EB69200B3384C /* Debug */ = {
			isa = XCBuildConfiguration;
			buildSettings = {
				ALWAYS_SEARCH_USER_PATHS = NO;
				CLANG_ANALYZER_NONNULL = YES;
				CLANG_ANALYZER_NUMBER_OBJECT_CONVERSION = YES_AGGRESSIVE;
				CLANG_CXX_LANGUAGE_STANDARD = "gnu++20";
				CLANG_ENABLE_MODULES = YES;
				CLANG_ENABLE_OBJC_ARC = YES;
				CLANG_ENABLE_OBJC_WEAK = YES;
				CLANG_WARN_BLOCK_CAPTURE_AUTORELEASING = YES;
				CLANG_WARN_BOOL_CONVERSION = YES;
				CLANG_WARN_COMMA = YES;
				CLANG_WARN_CONSTANT_CONVERSION = YES;
				CLANG_WARN_DEPRECATED_OBJC_IMPLEMENTATIONS = YES;
				CLANG_WARN_DIRECT_OBJC_ISA_USAGE = YES_ERROR;
				CLANG_WARN_DOCUMENTATION_COMMENTS = YES;
				CLANG_WARN_EMPTY_BODY = YES;
				CLANG_WARN_ENUM_CONVERSION = YES;
				CLANG_WARN_INFINITE_RECURSION = YES;
				CLANG_WARN_INT_CONVERSION = YES;
				CLANG_WARN_NON_LITERAL_NULL_CONVERSION = YES;
				CLANG_WARN_OBJC_IMPLICIT_RETAIN_SELF = YES;
				CLANG_WARN_OBJC_LITERAL_CONVERSION = YES;
				CLANG_WARN_OBJC_ROOT_CLASS = YES_ERROR;
				CLANG_WARN_QUOTED_INCLUDE_IN_FRAMEWORK_HEADER = YES;
				CLANG_WARN_RANGE_LOOP_ANALYSIS = YES;
				CLANG_WARN_STRICT_PROTOTYPES = YES;
				CLANG_WARN_SUSPICIOUS_MOVE = YES;
				CLANG_WARN_UNGUARDED_AVAILABILITY = YES_AGGRESSIVE;
				CLANG_WARN_UNREACHABLE_CODE = YES;
				CLANG_WARN__DUPLICATE_METHOD_MATCH = YES;
				COPY_PHASE_STRIP = NO;
				DEBUG_INFORMATION_FORMAT = dwarf;
				ENABLE_STRICT_OBJC_MSGSEND = YES;
				ENABLE_TESTABILITY = YES;
				GCC_C_LANGUAGE_STANDARD = gnu11;
				GCC_DYNAMIC_NO_PIC = NO;
				GCC_NO_COMMON_BLOCKS = YES;
				GCC_OPTIMIZATION_LEVEL = 0;
				GCC_PREPROCESSOR_DEFINITIONS = (
					"DEBUG=1",
					"$(inherited)",
				);
				GCC_WARN_64_TO_32_BIT_CONVERSION = YES;
				GCC_WARN_ABOUT_RETURN_TYPE = YES_ERROR;
				GCC_WARN_UNDECLARED_SELECTOR = YES;
				GCC_WARN_UNINITIALIZED_AUTOS = YES_AGGRESSIVE;
				GCC_WARN_UNUSED_FUNCTION = YES;
				GCC_WARN_UNUSED_VARIABLE = YES;
				IPHONEOS_DEPLOYMENT_TARGET = 16.0;
				MTL_ENABLE_DEBUG_INFO = INCLUDE_SOURCE;
				MTL_FAST_MATH = YES;
				ONLY_ACTIVE_ARCH = YES;
				SDKROOT = iphoneos;
				SWIFT_ACTIVE_COMPILATION_CONDITIONS = DEBUG;
				SWIFT_OPTIMIZATION_LEVEL = "-Onone";
			};
			name = Debug;
		};
		7E7053E9290EB69200B3384C /* Release */ = {
			isa = XCBuildConfiguration;
			buildSettings = {
				ALWAYS_SEARCH_USER_PATHS = NO;
				CLANG_ANALYZER_NONNULL = YES;
				CLANG_ANALYZER_NUMBER_OBJECT_CONVERSION = YES_AGGRESSIVE;
				CLANG_CXX_LANGUAGE_STANDARD = "gnu++20";
				CLANG_ENABLE_MODULES = YES;
				CLANG_ENABLE_OBJC_ARC = YES;
				CLANG_ENABLE_OBJC_WEAK = YES;
				CLANG_WARN_BLOCK_CAPTURE_AUTORELEASING = YES;
				CLANG_WARN_BOOL_CONVERSION = YES;
				CLANG_WARN_COMMA = YES;
				CLANG_WARN_CONSTANT_CONVERSION = YES;
				CLANG_WARN_DEPRECATED_OBJC_IMPLEMENTATIONS = YES;
				CLANG_WARN_DIRECT_OBJC_ISA_USAGE = YES_ERROR;
				CLANG_WARN_DOCUMENTATION_COMMENTS = YES;
				CLANG_WARN_EMPTY_BODY = YES;
				CLANG_WARN_ENUM_CONVERSION = YES;
				CLANG_WARN_INFINITE_RECURSION = YES;
				CLANG_WARN_INT_CONVERSION = YES;
				CLANG_WARN_NON_LITERAL_NULL_CONVERSION = YES;
				CLANG_WARN_OBJC_IMPLICIT_RETAIN_SELF = YES;
				CLANG_WARN_OBJC_LITERAL_CONVERSION = YES;
				CLANG_WARN_OBJC_ROOT_CLASS = YES_ERROR;
				CLANG_WARN_QUOTED_INCLUDE_IN_FRAMEWORK_HEADER = YES;
				CLANG_WARN_RANGE_LOOP_ANALYSIS = YES;
				CLANG_WARN_STRICT_PROTOTYPES = YES;
				CLANG_WARN_SUSPICIOUS_MOVE = YES;
				CLANG_WARN_UNGUARDED_AVAILABILITY = YES_AGGRESSIVE;
				CLANG_WARN_UNREACHABLE_CODE = YES;
				CLANG_WARN__DUPLICATE_METHOD_MATCH = YES;
				COPY_PHASE_STRIP = NO;
				DEBUG_INFORMATION_FORMAT = "dwarf-with-dsym";
				ENABLE_NS_ASSERTIONS = NO;
				ENABLE_STRICT_OBJC_MSGSEND = YES;
				GCC_C_LANGUAGE_STANDARD = gnu11;
				GCC_NO_COMMON_BLOCKS = YES;
				GCC_WARN_64_TO_32_BIT_CONVERSION = YES;
				GCC_WARN_ABOUT_RETURN_TYPE = YES_ERROR;
				GCC_WARN_UNDECLARED_SELECTOR = YES;
				GCC_WARN_UNINITIALIZED_AUTOS = YES_AGGRESSIVE;
				GCC_WARN_UNUSED_FUNCTION = YES;
				GCC_WARN_UNUSED_VARIABLE = YES;
				IPHONEOS_DEPLOYMENT_TARGET = 16.0;
				MTL_ENABLE_DEBUG_INFO = NO;
				MTL_FAST_MATH = YES;
				SDKROOT = iphoneos;
				SWIFT_COMPILATION_MODE = wholemodule;
				SWIFT_OPTIMIZATION_LEVEL = "-O";
				VALIDATE_PRODUCT = YES;
			};
			name = Release;
		};
		7E7053EB290EB69200B3384C /* Debug */ = {
			isa = XCBuildConfiguration;
			buildSettings = {
				ASSETCATALOG_COMPILER_APPICON_NAME = AppIcon;
				ASSETCATALOG_COMPILER_GLOBAL_ACCENT_COLOR_NAME = "";
				CODE_SIGN_STYLE = Automatic;
				CURRENT_PROJECT_VERSION = 1;
				DEVELOPMENT_TEAM = 5SV4N2J8AG;
				GENERATE_INFOPLIST_FILE = YES;
				INFOPLIST_FILE = AthleteZone/Info.plist;
				INFOPLIST_KEY_CFBundleDisplayName = "Athlete Zone";
				INFOPLIST_KEY_LSApplicationCategoryType = "public.app-category.sports";
				INFOPLIST_KEY_UIApplicationSupportsIndirectInputEvents = YES;
				INFOPLIST_KEY_UILaunchStoryboardName = LaunchScreen;
				INFOPLIST_KEY_UIMainStoryboardFile = Main;
				INFOPLIST_KEY_UISupportedInterfaceOrientations_iPad = "UIInterfaceOrientationPortrait UIInterfaceOrientationPortraitUpsideDown UIInterfaceOrientationLandscapeLeft UIInterfaceOrientationLandscapeRight";
				INFOPLIST_KEY_UISupportedInterfaceOrientations_iPhone = "UIInterfaceOrientationPortrait UIInterfaceOrientationLandscapeLeft UIInterfaceOrientationLandscapeRight";
				IPHONEOS_DEPLOYMENT_TARGET = 15.0;
				LD_RUNPATH_SEARCH_PATHS = (
					"$(inherited)",
					"@executable_path/Frameworks",
				);
				MARKETING_VERSION = 1.0;
				PRODUCT_BUNDLE_IDENTIFIER = com.janprokorat.AthleteZone;
				PRODUCT_NAME = "$(TARGET_NAME)";
				SWIFT_EMIT_LOC_STRINGS = YES;
				SWIFT_VERSION = 5.0;
				TARGETED_DEVICE_FAMILY = "1,2";
			};
			name = Debug;
		};
		7E7053EC290EB69200B3384C /* Release */ = {
			isa = XCBuildConfiguration;
			buildSettings = {
				ASSETCATALOG_COMPILER_APPICON_NAME = AppIcon;
				ASSETCATALOG_COMPILER_GLOBAL_ACCENT_COLOR_NAME = "";
				CODE_SIGN_STYLE = Automatic;
				CURRENT_PROJECT_VERSION = 1;
				DEVELOPMENT_TEAM = 5SV4N2J8AG;
				GENERATE_INFOPLIST_FILE = YES;
				INFOPLIST_FILE = AthleteZone/Info.plist;
				INFOPLIST_KEY_CFBundleDisplayName = "Athlete Zone";
				INFOPLIST_KEY_LSApplicationCategoryType = "public.app-category.sports";
				INFOPLIST_KEY_UIApplicationSupportsIndirectInputEvents = YES;
				INFOPLIST_KEY_UILaunchStoryboardName = LaunchScreen;
				INFOPLIST_KEY_UIMainStoryboardFile = Main;
				INFOPLIST_KEY_UISupportedInterfaceOrientations_iPad = "UIInterfaceOrientationPortrait UIInterfaceOrientationPortraitUpsideDown UIInterfaceOrientationLandscapeLeft UIInterfaceOrientationLandscapeRight";
				INFOPLIST_KEY_UISupportedInterfaceOrientations_iPhone = "UIInterfaceOrientationPortrait UIInterfaceOrientationLandscapeLeft UIInterfaceOrientationLandscapeRight";
				IPHONEOS_DEPLOYMENT_TARGET = 15.0;
				LD_RUNPATH_SEARCH_PATHS = (
					"$(inherited)",
					"@executable_path/Frameworks",
				);
				MARKETING_VERSION = 1.0;
				PRODUCT_BUNDLE_IDENTIFIER = com.janprokorat.AthleteZone;
				PRODUCT_NAME = "$(TARGET_NAME)";
				SWIFT_EMIT_LOC_STRINGS = YES;
				SWIFT_VERSION = 5.0;
				TARGETED_DEVICE_FAMILY = "1,2";
			};
			name = Release;
		};
/* End XCBuildConfiguration section */

/* Begin XCConfigurationList section */
		7E7053D1290EB69100B3384C /* Build configuration list for PBXProject "AthleteZone" */ = {
			isa = XCConfigurationList;
			buildConfigurations = (
				7E7053E8290EB69200B3384C /* Debug */,
				7E7053E9290EB69200B3384C /* Release */,
			);
			defaultConfigurationIsVisible = 0;
			defaultConfigurationName = Release;
		};
		7E7053EA290EB69200B3384C /* Build configuration list for PBXNativeTarget "AthleteZone" */ = {
			isa = XCConfigurationList;
			buildConfigurations = (
				7E7053EB290EB69200B3384C /* Debug */,
				7E7053EC290EB69200B3384C /* Release */,
			);
			defaultConfigurationIsVisible = 0;
			defaultConfigurationName = Release;
		};
/* End XCConfigurationList section */
	};
	rootObject = 7E7053CE290EB69100B3384C /* Project object */;
}
